{
	"name": "motorized_fader_control",
	"version": "2.0.0",
	"lockfileVersion": 3,
	"requires": true,
	"packages": {
		"": {
			"name": "motorized_fader_control",
			"version": "2.0.0",
			"license": "ISC",
			"dependencies": {
				"async-mutex": "^0.5.0",
				"fs-extra": "^0.28.0",
				"kew": "^0.7.0",
				"serialport": "^11.0.0",
				"socket.io-client": "^4.5.0",
				"v-conf": "^1.4.0"
			},
			"devDependencies": {
				"winston": "^3.13.0"
			},
			"engines": {
				"node": ">=20.5.1 <21.0.0",
				"volumio": ">=4.84.0 <5.0.0"
			}
		},
		"node_modules/@colors/colors": {
			"version": "1.6.0",
			"resolved": "https://registry.npmjs.org/@colors/colors/-/colors-1.6.0.tgz",
			"integrity": "sha512-Ir+AOibqzrIsL6ajt3Rz3LskB7OiMVHqltZmspbW/TJuTVuyOMirVqAkjfY6JISiLHgyNqicAC8AyHHGzNd/dA==",
			"dev": true,
			"engines": {
				"node": ">=0.1.90"
			}
		},
		"node_modules/@dabh/diagnostics": {
			"version": "2.0.8",
			"resolved": "https://registry.npmjs.org/@dabh/diagnostics/-/diagnostics-2.0.8.tgz",
			"integrity": "sha512-R4MSXTVnuMzGD7bzHdW2ZhhdPC/igELENcq5IjEverBvq5hn1SXCWcsi6eSsdWP0/Ur+SItRRjAktmdoX/8R/Q==",
			"dev": true,
			"dependencies": {
				"@so-ric/colorspace": "^1.1.6",
				"enabled": "2.0.x",
				"kuler": "^2.0.0"
			}
		},
		"node_modules/@serialport/binding-mock": {
			"version": "10.2.2",
			"resolved": "https://registry.npmjs.org/@serialport/binding-mock/-/binding-mock-10.2.2.tgz",
			"integrity": "sha512-HAFzGhk9OuFMpuor7aT5G1ChPgn5qSsklTFOTUX72Rl6p0xwcSVsRtG/xaGp6bxpN7fI9D/S8THLBWbBgS6ldw==",
			"dependencies": {
				"@serialport/bindings-interface": "^1.2.1",
				"debug": "^4.3.3"
			},
			"engines": {
				"node": ">=12.0.0"
			}
		},
		"node_modules/@serialport/bindings-cpp": {
			"version": "11.0.3",
			"resolved": "https://registry.npmjs.org/@serialport/bindings-cpp/-/bindings-cpp-11.0.3.tgz",
			"integrity": "sha512-xgNDJ7pHHZCJMoDsEH+D8q5CV+V3RGN4/jLEG9SQ7q6kh+o03axV0l/upPHZ0HW4tTXpGgqPIGbXOTrD4RGQQA==",
			"hasInstallScript": true,
			"dependencies": {
				"@serialport/bindings-interface": "1.2.2",
				"@serialport/parser-readline": "11.0.0",
				"debug": "4.3.4",
				"node-addon-api": "6.1.0",
				"node-gyp-build": "4.6.0"
			},
			"engines": {
				"node": ">=14.0.0"
			},
			"funding": {
				"url": "https://opencollective.com/serialport/donate"
			}
		},
		"node_modules/@serialport/bindings-cpp/node_modules/@serialport/parser-delimiter": {
			"version": "11.0.0",
			"resolved": "https://registry.npmjs.org/@serialport/parser-delimiter/-/parser-delimiter-11.0.0.tgz",
			"integrity": "sha512-aZLJhlRTjSmEwllLG7S4J8s8ctRAS0cbvCpO87smLvl3e4BgzbVgF6Z6zaJd3Aji2uSiYgfedCdNc4L6W+1E2g==",
			"engines": {
				"node": ">=12.0.0"
			},
			"funding": {
				"url": "https://opencollective.com/serialport/donate"
			}
		},
		"node_modules/@serialport/bindings-cpp/node_modules/@serialport/parser-readline": {
			"version": "11.0.0",
			"resolved": "https://registry.npmjs.org/@serialport/parser-readline/-/parser-readline-11.0.0.tgz",
			"integrity": "sha512-rRAivhRkT3YO28WjmmG4FQX6L+KMb5/ikhyylRfzWPw0nSXy97+u07peS9CbHqaNvJkMhH1locp2H36aGMOEIA==",
			"dependencies": {
				"@serialport/parser-delimiter": "11.0.0"
			},
			"engines": {
				"node": ">=12.0.0"
			},
			"funding": {
				"url": "https://opencollective.com/serialport/donate"
			}
		},
		"node_modules/@serialport/bindings-interface": {
			"version": "1.2.2",
			"resolved": "https://registry.npmjs.org/@serialport/bindings-interface/-/bindings-interface-1.2.2.tgz",
			"integrity": "sha512-CJaUd5bLvtM9c5dmO9rPBHPXTa9R2UwpkJ0wdh9JCYcbrPWsKz+ErvR0hBLeo7NPeiFdjFO4sonRljiw4d2XiA==",
			"engines": {
				"node": "^12.22 || ^14.13 || >=16"
			}
		},
		"node_modules/@serialport/parser-byte-length": {
			"version": "11.0.1",
			"resolved": "https://registry.npmjs.org/@serialport/parser-byte-length/-/parser-byte-length-11.0.1.tgz",
			"integrity": "sha512-UsffR5b3NHwhjJzsWv5fZMkoq3wGNyUcRTA9jlu02w+2kMlBRJPzlPVB5szVX0VWUEqkCg+3VaU2XWuYr+uAUA==",
			"engines": {
				"node": ">=12.0.0"
			},
			"funding": {
				"url": "https://opencollective.com/serialport/donate"
			}
		},
		"node_modules/@serialport/parser-cctalk": {
			"version": "11.0.1",
			"resolved": "https://registry.npmjs.org/@serialport/parser-cctalk/-/parser-cctalk-11.0.1.tgz",
			"integrity": "sha512-klzVQfRcC1m0SVDV2Dy9hHfwweO2/mUMUyuXK04FRkKHy5/AdETmk9KTVVVVfpDCSysvHoyQPwiDFq8ddwX3cQ==",
			"engines": {
				"node": ">=12.0.0"
			},
			"funding": {
				"url": "https://opencollective.com/serialport/donate"
			}
		},
		"node_modules/@serialport/parser-delimiter": {
			"version": "11.0.1",
			"resolved": "https://registry.npmjs.org/@serialport/parser-delimiter/-/parser-delimiter-11.0.1.tgz",
			"integrity": "sha512-NAsYa3OFt2xEnj/+0BRkQP2qkRNbXBPEq6uFJEdNdzcTSF+BTRXkoIRrWBq3N6koovPqW6lnbxc/iJYe5AX/2Q==",
			"engines": {
				"node": ">=12.0.0"
			},
			"funding": {
				"url": "https://opencollective.com/serialport/donate"
			}
		},
		"node_modules/@serialport/parser-inter-byte-timeout": {
			"version": "11.0.1",
			"resolved": "https://registry.npmjs.org/@serialport/parser-inter-byte-timeout/-/parser-inter-byte-timeout-11.0.1.tgz",
			"integrity": "sha512-PEFV9dSpW+ptH1rLhdB9KgE+rbJ/FvQiZz0mx+4jkv/Po4g3PNsEEMXfMW0aQVSFVsmitvmE0jHlhGjLv8GQEg==",
			"engines": {
				"node": ">=12.0.0"
			},
			"funding": {
				"url": "https://opencollective.com/serialport/donate"
			}
		},
		"node_modules/@serialport/parser-packet-length": {
			"version": "11.0.1",
			"resolved": "https://registry.npmjs.org/@serialport/parser-packet-length/-/parser-packet-length-11.0.1.tgz",
			"integrity": "sha512-KwPu8dsAI+eN4fnUS1vVmrOpUtBK4p9L9cHhwn5ZmfcvwvZMHp/J+IEu7xH0g5aM1/8QEoaql26BQP+sZ71NQQ==",
			"engines": {
				"node": ">=8.6.0"
			}
		},
		"node_modules/@serialport/parser-readline": {
			"version": "11.0.1",
			"resolved": "https://registry.npmjs.org/@serialport/parser-readline/-/parser-readline-11.0.1.tgz",
			"integrity": "sha512-wkJ3EI733+yhbi7eBWzs/qn8+cfIBcYQjfrILPNqslAy6VlgdKw+pHoblDFmg78GN0TqGUDSWlTJ65oLEPVp5Q==",
			"dependencies": {
				"@serialport/parser-delimiter": "11.0.1"
			},
			"engines": {
				"node": ">=12.0.0"
			},
			"funding": {
				"url": "https://opencollective.com/serialport/donate"
			}
		},
		"node_modules/@serialport/parser-ready": {
			"version": "11.0.1",
			"resolved": "https://registry.npmjs.org/@serialport/parser-ready/-/parser-ready-11.0.1.tgz",
			"integrity": "sha512-v/bvlgKhrNt+SVLSqlfXCO1HEinfRRMGnzqbpdVCgu2SiWIEenCLjs51JisKVYQoQFcXdP/EHZnzm7NPXHDlAg==",
			"engines": {
				"node": ">=12.0.0"
			},
			"funding": {
				"url": "https://opencollective.com/serialport/donate"
			}
		},
		"node_modules/@serialport/parser-regex": {
			"version": "11.0.1",
			"resolved": "https://registry.npmjs.org/@serialport/parser-regex/-/parser-regex-11.0.1.tgz",
			"integrity": "sha512-Lf3k7qibYqZ0+/wX3UA8fRng3WtQ+UyLpjQhG1COs6OBSq5/I5tYXczfhlrbA0gHo1qzgzr2V2t7m6FoBSc81Q==",
			"engines": {
				"node": ">=12.0.0"
			},
			"funding": {
				"url": "https://opencollective.com/serialport/donate"
			}
		},
		"node_modules/@serialport/parser-slip-encoder": {
			"version": "11.0.1",
			"resolved": "https://registry.npmjs.org/@serialport/parser-slip-encoder/-/parser-slip-encoder-11.0.1.tgz",
			"integrity": "sha512-l4mXsAGzpmPO7+uqKJqtPDW643irfnGEWbiy34FoYvuOs8n0SmiMtgQZFAtvlTNQCRWE2tykF/WG6K/McJthDw==",
			"engines": {
				"node": ">=12.0.0"
			},
			"funding": {
				"url": "https://opencollective.com/serialport/donate"
			}
		},
		"node_modules/@serialport/parser-spacepacket": {
			"version": "11.0.1",
			"resolved": "https://registry.npmjs.org/@serialport/parser-spacepacket/-/parser-spacepacket-11.0.1.tgz",
			"integrity": "sha512-Lq7fXoOsLOMo4XEt9HB31zV5LhrteXlsOy2o6r39TfRwU6x8Nou9jQMA9vW0a6yPra5zwsHIaNrA6tDOGj2Ozg==",
			"engines": {
				"node": ">=12.0.0"
			},
			"funding": {
				"url": "https://opencollective.com/serialport/donate"
			}
		},
		"node_modules/@serialport/stream": {
			"version": "11.0.1",
			"resolved": "https://registry.npmjs.org/@serialport/stream/-/stream-11.0.1.tgz",
			"integrity": "sha512-6pjyKRg8MQuvhGfg36+PF7K5eGNQcEswCSiAg1UPilqqFS8X1QnaiSCn5UFp/hCN+pAtlFjkOi0ztvtmSI7n4g==",
			"dependencies": {
				"@serialport/bindings-interface": "1.2.2",
				"debug": "4.3.4"
			},
			"engines": {
				"node": ">=12.0.0"
			},
			"funding": {
				"url": "https://opencollective.com/serialport/donate"
			}
		},
		"node_modules/@so-ric/colorspace": {
			"version": "1.1.6",
			"resolved": "https://registry.npmjs.org/@so-ric/colorspace/-/colorspace-1.1.6.tgz",
			"integrity": "sha512-/KiKkpHNOBgkFJwu9sh48LkHSMYGyuTcSFK/qMBdnOAlrRJzRSXAOFB5qwzaVQuDl8wAvHVMkaASQDReTahxuw==",
			"dev": true,
			"dependencies": {
				"color": "^5.0.2",
				"text-hex": "1.0.x"
			}
		},
		"node_modules/@socket.io/component-emitter": {
			"version": "3.1.2",
			"resolved": "https://registry.npmjs.org/@socket.io/component-emitter/-/component-emitter-3.1.2.tgz",
			"integrity": "sha512-9BCxFwvbGg/RsZK9tjXd8s4UcwR0MWeFQ1XEKIQVVvAGJyINdrqKMcTRyLoK8Rse1GjzLV9cwjWV1olXRWEXVA=="
		},
		"node_modules/@types/triple-beam": {
			"version": "1.3.5",
			"resolved": "https://registry.npmjs.org/@types/triple-beam/-/triple-beam-1.3.5.tgz",
			"integrity": "sha512-6WaYesThRMCl19iryMYP7/x2OVgCtbIVflDGFpWnb9irXI3UjYE4AzmYuiUKY1AJstGijoY+MgUszMgRxIYTYw==",
			"dev": true
		},
		"node_modules/async": {
			"version": "3.2.6",
			"resolved": "https://registry.npmjs.org/async/-/async-3.2.6.tgz",
			"integrity": "sha512-htCUDlxyyCLMgaM3xXg0C0LW2xqfuQ6p05pCEIsXuyQ+a1koYKTuBMzRNwmybfLgvJDMd0r1LTn4+E0Ti6C2AA==",
			"dev": true
		},
		"node_modules/async-mutex": {
			"version": "0.5.0",
			"resolved": "https://registry.npmjs.org/async-mutex/-/async-mutex-0.5.0.tgz",
			"integrity": "sha512-1A94B18jkJ3DYq284ohPxoXbfTA5HsQ7/Mf4DEhcyLx3Bz27Rh59iScbB6EPiP+B+joue6YCxcMXSbFC1tZKwA==",
			"dependencies": {
				"tslib": "^2.4.0"
			}
		},
		"node_modules/balanced-match": {
			"version": "1.0.2",
			"resolved": "https://registry.npmjs.org/balanced-match/-/balanced-match-1.0.2.tgz",
			"integrity": "sha512-3oSeUO0TMV67hN1AmbXsK4yaqU7tjiHlbxRDZOpH0KW9+CeX4bRAaX0Anxt0tx2MrpRpWwQaPwIlISEJhYU5Pw=="
		},
		"node_modules/brace-expansion": {
			"version": "1.1.11",
			"resolved": "https://registry.npmjs.org/brace-expansion/-/brace-expansion-1.1.11.tgz",
			"integrity": "sha512-iCuPHDFgrHX7H2vEI/5xpz07zSHB00TpugqhmYtVmMO6518mCuRMoOYFldEBl0g187ufozdaHgWKcYFb61qGiA==",
			"dependencies": {
				"balanced-match": "^1.0.0",
				"concat-map": "0.0.1"
			}
		},
		"node_modules/color": {
			"version": "5.0.3",
			"resolved": "https://registry.npmjs.org/color/-/color-5.0.3.tgz",
			"integrity": "sha512-ezmVcLR3xAVp8kYOm4GS45ZLLgIE6SPAFoduLr6hTDajwb3KZ2F46gulK3XpcwRFb5KKGCSezCBAY4Dw4HsyXA==",
			"dev": true,
			"dependencies": {
				"color-convert": "^3.1.3",
				"color-string": "^2.1.3"
			},
			"engines": {
				"node": ">=18"
			}
		},
		"node_modules/color-convert": {
			"version": "3.1.3",
			"resolved": "https://registry.npmjs.org/color-convert/-/color-convert-3.1.3.tgz",
			"integrity": "sha512-fasDH2ont2GqF5HpyO4w0+BcewlhHEZOFn9c1ckZdHpJ56Qb7MHhH/IcJZbBGgvdtwdwNbLvxiBEdg336iA9Sg==",
			"dev": true,
			"dependencies": {
				"color-name": "^2.0.0"
			},
			"engines": {
				"node": ">=14.6"
			}
		},
		"node_modules/color-name": {
			"version": "2.1.0",
			"resolved": "https://registry.npmjs.org/color-name/-/color-name-2.1.0.tgz",
			"integrity": "sha512-1bPaDNFm0axzE4MEAzKPuqKWeRaT43U/hyxKPBdqTfmPF+d6n7FSoTFxLVULUJOmiLp01KjhIPPH+HrXZJN4Rg==",
			"dev": true,
			"engines": {
				"node": ">=12.20"
			}
		},
		"node_modules/color-string": {
			"version": "2.1.4",
			"resolved": "https://registry.npmjs.org/color-string/-/color-string-2.1.4.tgz",
			"integrity": "sha512-Bb6Cq8oq0IjDOe8wJmi4JeNn763Xs9cfrBcaylK1tPypWzyoy2G3l90v9k64kjphl/ZJjPIShFztenRomi8WTg==",
			"dev": true,
			"dependencies": {
				"color-name": "^2.0.0"
			},
			"engines": {
				"node": ">=18"
			}
		},
		"node_modules/concat-map": {
			"version": "0.0.1",
			"resolved": "https://registry.npmjs.org/concat-map/-/concat-map-0.0.1.tgz",
			"integrity": "sha512-/Srv4dswyQNBfohGpz9o6Yb3Gz3SrUDqBH5rTuhGR7ahtlbYKnVxw2bCFMRljaA7EXHaXZ8wsHdodFvbkhKmqg=="
		},
		"node_modules/debug": {
			"version": "4.3.4",
			"resolved": "https://registry.npmjs.org/debug/-/debug-4.3.4.tgz",
			"integrity": "sha512-PRWFHuSU3eDtQJPvnNY7Jcket1j0t5OuOsFzPPzsekD52Zl8qUfFIPEiswXqIvHWGVHOgX+7G/vCNNhehwxfkQ==",
			"dependencies": {
				"ms": "2.1.2"
			},
			"engines": {
				"node": ">=6.0"
			},
			"peerDependenciesMeta": {
				"supports-color": {
					"optional": true
				}
			}
		},
		"node_modules/enabled": {
			"version": "2.0.0",
			"resolved": "https://registry.npmjs.org/enabled/-/enabled-2.0.0.tgz",
			"integrity": "sha512-AKrN98kuwOzMIdAizXGI86UFBoo26CL21UM763y1h/GMSJ4/OHU9k2YlsmBpyScFo/wbLzWQJBMCW4+IO3/+OQ==",
			"dev": true
		},
		"node_modules/engine.io-client": {
			"version": "6.6.4",
			"resolved": "https://registry.npmjs.org/engine.io-client/-/engine.io-client-6.6.4.tgz",
			"integrity": "sha512-+kjUJnZGwzewFDw951CDWcwj35vMNf2fcj7xQWOctq1F2i1jkDdVvdFG9kM/BEChymCH36KgjnW0NsL58JYRxw==",
			"dependencies": {
				"@socket.io/component-emitter": "~3.1.0",
				"debug": "~4.4.1",
				"engine.io-parser": "~5.2.1",
				"ws": "~8.18.3",
				"xmlhttprequest-ssl": "~2.1.1"
			}
		},
		"node_modules/engine.io-client/node_modules/debug": {
			"version": "4.4.3",
			"resolved": "https://registry.npmjs.org/debug/-/debug-4.4.3.tgz",
			"integrity": "sha512-RGwwWnwQvkVfavKVt22FGLw+xYSdzARwm0ru6DhTVA3umU5hZc28V3kO4stgYryrTlLpuvgI9GiijltAjNbcqA==",
			"dependencies": {
				"ms": "^2.1.3"
			},
			"engines": {
				"node": ">=6.0"
			},
			"peerDependenciesMeta": {
				"supports-color": {
					"optional": true
				}
			}
		},
		"node_modules/engine.io-client/node_modules/ms": {
			"version": "2.1.3",
			"resolved": "https://registry.npmjs.org/ms/-/ms-2.1.3.tgz",
			"integrity": "sha512-6FlzubTLZG3J2a/NVCAleEhjzq5oxgHyaCU9yYXvcLsvoVaHJq/s5xXI6/XXP6tz7R9xAOtHnSO/tXtF3WRTlA=="
		},
		"node_modules/engine.io-parser": {
			"version": "5.2.3",
			"resolved": "https://registry.npmjs.org/engine.io-parser/-/engine.io-parser-5.2.3.tgz",
			"integrity": "sha512-HqD3yTBfnBxIrbnM1DoD6Pcq8NECnh8d4As1Qgh0z5Gg3jRRIqijury0CL3ghu/edArpUYiYqQiDUQBIs4np3Q==",
			"engines": {
				"node": ">=10.0.0"
			}
		},
		"node_modules/fecha": {
			"version": "4.2.3",
			"resolved": "https://registry.npmjs.org/fecha/-/fecha-4.2.3.tgz",
			"integrity": "sha512-OP2IUU6HeYKJi3i0z4A19kHMQoLVs4Hc+DPqqxI2h/DPZHTm/vjsfC6P0b4jCMy14XizLBqvndQ+UilD7707Jw==",
			"dev": true
		},
		"node_modules/fn.name": {
			"version": "1.1.0",
			"resolved": "https://registry.npmjs.org/fn.name/-/fn.name-1.1.0.tgz",
			"integrity": "sha512-GRnmB5gPyJpAhTQdSZTSp9uaPSvl09KoYcMQtsB9rQoOmzs9dH6ffeccH+Z+cv6P68Hu5bC6JjRh4Ah/mHSNRw==",
			"dev": true
		},
		"node_modules/fs-extra": {
			"version": "0.28.0",
			"resolved": "https://registry.npmjs.org/fs-extra/-/fs-extra-0.28.0.tgz",
			"integrity": "sha512-3KOJfDxp6LJn2Qj8GS7Rl8TYkX1HmPAtWawBTxPJr1uMGMtFuid5naiYD8aujiGOfufIlq69MDbigMHXHSSwkg==",
			"dependencies": {
				"graceful-fs": "^4.1.2",
				"jsonfile": "^2.1.0",
				"klaw": "^1.0.0",
				"path-is-absolute": "^1.0.0",
				"rimraf": "^2.2.8"
			}
		},
		"node_modules/fs.realpath": {
			"version": "1.0.0",
			"resolved": "https://registry.npmjs.org/fs.realpath/-/fs.realpath-1.0.0.tgz",
			"integrity": "sha512-OO0pH2lK6a0hZnAdau5ItzHPI6pUlvI7jMVnxUQRtw4owF2wk8lOSabtGDCTP4Ggrg2MbGnWO9X8K1t4+fGMDw=="
		},
		"node_modules/glob": {
			"version": "7.2.3",
			"resolved": "https://registry.npmjs.org/glob/-/glob-7.2.3.tgz",
			"integrity": "sha512-nFR0zLpU2YCaRxwoCJvL6UvCH2JFyFVIvwTLsIf21AuHlMskA1hhTdk+LlYJtOlYt9v6dvszD2BGRqBL+iQK9Q==",
			"deprecated": "Glob versions prior to v9 are no longer supported",
			"dependencies": {
				"fs.realpath": "^1.0.0",
				"inflight": "^1.0.4",
				"inherits": "2",
				"minimatch": "^3.1.1",
				"once": "^1.3.0",
				"path-is-absolute": "^1.0.0"
			},
			"engines": {
				"node": "*"
			},
			"funding": {
				"url": "https://github.com/sponsors/isaacs"
			}
		},
		"node_modules/graceful-fs": {
			"version": "4.2.11",
			"resolved": "https://registry.npmjs.org/graceful-fs/-/graceful-fs-4.2.11.tgz",
			"integrity": "sha512-RbJ5/jmFcNNCcDV5o9eTnBLJ/HszWV0P73bc+Ff4nS/rJj+YaS6IGyiOL0VoBYX+l1Wrl3k63h/KrH+nhJ0XvQ=="
		},
		"node_modules/imurmurhash": {
			"version": "0.1.4",
			"resolved": "https://registry.npmjs.org/imurmurhash/-/imurmurhash-0.1.4.tgz",
			"integrity": "sha512-JmXMZ6wuvDmLiHEml9ykzqO6lwFbof0GG4IkcGaENdCRDDmMVnny7s5HsIgHCbaq0w2MyPhDqkhTUgS2LU2PHA==",
			"engines": {
				"node": ">=0.8.19"
			}
		},
		"node_modules/inflight": {
			"version": "1.0.6",
			"resolved": "https://registry.npmjs.org/inflight/-/inflight-1.0.6.tgz",
			"integrity": "sha512-k92I/b08q4wvFscXCLvqfsHCrjrF7yiXsQuIVvVE7N82W3+aqpzuUdBbfhWcy/FZR3/4IgflMgKLOsvPDrGCJA==",
			"deprecated": "This module is not supported, and leaks memory. Do not use it. Check out lru-cache if you want a good and tested way to coalesce async requests by a key value, which is much more comprehensive and powerful.",
			"dependencies": {
				"once": "^1.3.0",
				"wrappy": "1"
			}
		},
		"node_modules/inherits": {
			"version": "2.0.4",
			"resolved": "https://registry.npmjs.org/inherits/-/inherits-2.0.4.tgz",
			"integrity": "sha512-k/vGaX4/Yla3WzyMCvTQOXYeIHvqOKtnqBduzTHpzpQZzAskKMhZ2K+EnBiSM9zGSoIFeMpXKxa4dYeZIQqewQ=="
		},
		"node_modules/is-stream": {
			"version": "2.0.1",
			"resolved": "https://registry.npmjs.org/is-stream/-/is-stream-2.0.1.tgz",
			"integrity": "sha512-hFoiJiTl63nn+kstHGBtewWSKnQLpyb155KHheA1l39uvtO9nWIop1p3udqPcUd/xbF1VLMO4n7OI6p7RbngDg==",
			"dev": true,
			"engines": {
				"node": ">=8"
			},
			"funding": {
				"url": "https://github.com/sponsors/sindresorhus"
			}
		},
		"node_modules/jsonfile": {
			"version": "2.4.0",
			"resolved": "https://registry.npmjs.org/jsonfile/-/jsonfile-2.4.0.tgz",
			"integrity": "sha512-PKllAqbgLgxHaj8TElYymKCAgrASebJrWpTnEkOaTowt23VKXXN0sUeriJ+eh7y6ufb/CC5ap11pz71/cM0hUw==",
			"optionalDependencies": {
				"graceful-fs": "^4.1.6"
			}
		},
		"node_modules/kew": {
			"version": "0.7.0",
			"resolved": "https://registry.npmjs.org/kew/-/kew-0.7.0.tgz",
			"integrity": "sha512-IG6nm0+QtAMdXt9KvbgbGdvY50RSrw+U4sGZg+KlrSKPJEwVE5JVoI3d7RWfSMdBQneRheeAOj3lIjX5VL/9RQ=="
		},
		"node_modules/klaw": {
			"version": "1.3.1",
			"resolved": "https://registry.npmjs.org/klaw/-/klaw-1.3.1.tgz",
			"integrity": "sha512-TED5xi9gGQjGpNnvRWknrwAB1eL5GciPfVFOt3Vk1OJCVDQbzuSfrF3hkUQKlsgKrG1F+0t5W0m+Fje1jIt8rw==",
			"optionalDependencies": {
				"graceful-fs": "^4.1.9"
			}
		},
		"node_modules/kuler": {
			"version": "2.0.0",
			"resolved": "https://registry.npmjs.org/kuler/-/kuler-2.0.0.tgz",
			"integrity": "sha512-Xq9nH7KlWZmXAtodXDDRE7vs6DU1gTU8zYDHDiWLSip45Egwq3plLHzPn27NgvzL2r1LMPC1vdqh98sQxtqj4A==",
			"dev": true
		},
		"node_modules/logform": {
			"version": "2.7.0",
			"resolved": "https://registry.npmjs.org/logform/-/logform-2.7.0.tgz",
			"integrity": "sha512-TFYA4jnP7PVbmlBIfhlSe+WKxs9dklXMTEGcBCIvLhE/Tn3H6Gk1norupVW7m5Cnd4bLcr08AytbyV/xj7f/kQ==",
			"dev": true,
			"dependencies": {
				"@colors/colors": "1.6.0",
				"@types/triple-beam": "^1.3.2",
				"fecha": "^4.2.0",
				"ms": "^2.1.1",
				"safe-stable-stringify": "^2.3.1",
				"triple-beam": "^1.3.0"
			},
			"engines": {
				"node": ">= 12.0.0"
			}
		},
		"node_modules/minimatch": {
			"version": "3.1.2",
			"resolved": "https://registry.npmjs.org/minimatch/-/minimatch-3.1.2.tgz",
			"integrity": "sha512-J7p63hRiAjw1NDEww1W7i37+ByIrOWO5XQQAzZ3VOcL0PNybwpfmV/N05zFAzwQ9USyEcX6t3UO+K5aqBQOIHw==",
			"dependencies": {
				"brace-expansion": "^1.1.7"
			},
			"engines": {
				"node": "*"
			}
		},
		"node_modules/ms": {
			"version": "2.1.2",
			"resolved": "https://registry.npmjs.org/ms/-/ms-2.1.2.tgz",
			"integrity": "sha512-sGkPx+VjMtmA6MX27oA4FBFELFCZZ4S4XqeGOXCv68tT+jb3vk/RyaKWP0PTKyWtmLSM0b+adUTEvbs1PEaH2w=="
		},
		"node_modules/multimap": {
			"version": "1.0.1",
			"resolved": "https://registry.npmjs.org/multimap/-/multimap-1.0.1.tgz",
			"integrity": "sha512-3BA0yy/HC53U1emi32s5Kk78bwDG70Hdx4TkPFSCFTNXqsDR10VoX3zJb2Kn+L6U4X929q8WChzEy2HeI7l1Bg=="
		},
		"node_modules/node-addon-api": {
			"version": "6.1.0",
			"resolved": "https://registry.npmjs.org/node-addon-api/-/node-addon-api-6.1.0.tgz",
			"integrity": "sha512-+eawOlIgy680F0kBzPUNFhMZGtJ1YmqM6l4+Crf4IkImjYrO/mqPwRMh352g23uIaQKFItcQ64I7KMaJxHgAVA=="
		},
		"node_modules/node-gyp-build": {
			"version": "4.6.0",
			"resolved": "https://registry.npmjs.org/node-gyp-build/-/node-gyp-build-4.6.0.tgz",
			"integrity": "sha512-NTZVKn9IylLwUzaKjkas1e4u2DLNcV4rdYagA4PWdPwW87Bi7z+BznyKSRwS/761tV/lzCGXplWsiaMjLqP2zQ==",
			"bin": {
				"node-gyp-build": "bin.js",
				"node-gyp-build-optional": "optional.js",
				"node-gyp-build-test": "build-test.js"
			}
		},
		"node_modules/once": {
			"version": "1.4.0",
			"resolved": "https://registry.npmjs.org/once/-/once-1.4.0.tgz",
			"integrity": "sha512-lNaJgI+2Q5URQBkccEKHTQOPaXdUxnZZElQTZY0MFUAuaEqe1E+Nyvgdz/aIyNi6Z9MzO5dv1H8n58/GELp3+w==",
			"dependencies": {
				"wrappy": "1"
			}
		},
		"node_modules/one-time": {
			"version": "1.0.0",
			"resolved": "https://registry.npmjs.org/one-time/-/one-time-1.0.0.tgz",
			"integrity": "sha512-5DXOiRKwuSEcQ/l0kGCF6Q3jcADFv5tSmRaJck/OqkVFcOzutB134KRSfF0xDrL39MNnqxbHBbUUcjZIhTgb2g==",
			"dev": true,
			"dependencies": {
				"fn.name": "1.x.x"
			}
		},
		"node_modules/path-is-absolute": {
			"version": "1.0.1",
			"resolved": "https://registry.npmjs.org/path-is-absolute/-/path-is-absolute-1.0.1.tgz",
			"integrity": "sha512-AVbw3UJ2e9bq64vSaS9Am0fje1Pa8pbGqTTsmXfaIiMpnr5DlDhfJOuLj9Sf95ZPVDAUerDfEk88MPmPe7UCQg==",
			"engines": {
				"node": ">=0.10.0"
			}
		},
		"node_modules/readable-stream": {
			"version": "3.6.2",
			"resolved": "https://registry.npmjs.org/readable-stream/-/readable-stream-3.6.2.tgz",
			"integrity": "sha512-9u/sniCrY3D5WdsERHzHE4G2YCXqoG5FTHUiCC4SIbr6XcLZBY05ya9EKjYek9O5xOAwjGq+1JdGBAS7Q9ScoA==",
			"dev": true,
			"dependencies": {
				"inherits": "^2.0.3",
				"string_decoder": "^1.1.1",
				"util-deprecate": "^1.0.1"
			},
			"engines": {
				"node": ">= 6"
			}
		},
		"node_modules/rimraf": {
			"version": "2.7.1",
			"resolved": "https://registry.npmjs.org/rimraf/-/rimraf-2.7.1.tgz",
			"integrity": "sha512-uWjbaKIK3T1OSVptzX7Nl6PvQ3qAGtKEtVRjRuazjfL3Bx5eI409VZSqgND+4UNnmzLVdPj9FqFJNPqBZFve4w==",
			"deprecated": "Rimraf versions prior to v4 are no longer supported",
			"dependencies": {
				"glob": "^7.1.3"
			},
			"bin": {
				"rimraf": "bin.js"
			}
		},
		"node_modules/safe-buffer": {
			"version": "5.2.1",
			"resolved": "https://registry.npmjs.org/safe-buffer/-/safe-buffer-5.2.1.tgz",
			"integrity": "sha512-rp3So07KcdmmKbGvgaNxQSJr7bGVSVk5S9Eq1F+ppbRo70+YeaDxkw5Dd8NPN+GD6bjnYm2VuPuCXmpuYvmCXQ==",
			"dev": true,
			"funding": [
				{
					"type": "github",
					"url": "https://github.com/sponsors/feross"
				},
				{
					"type": "patreon",
					"url": "https://www.patreon.com/feross"
				},
				{
					"type": "consulting",
					"url": "https://feross.org/support"
				}
			]
		},
		"node_modules/safe-stable-stringify": {
			"version": "2.5.0",
			"resolved": "https://registry.npmjs.org/safe-stable-stringify/-/safe-stable-stringify-2.5.0.tgz",
			"integrity": "sha512-b3rppTKm9T+PsVCBEOUR46GWI7fdOs00VKZ1+9c1EWDaDMvjQc6tUwuFyIprgGgTcWoVHSKrU8H31ZHA2e0RHA==",
			"dev": true,
			"engines": {
				"node": ">=10"
			}
		},
		"node_modules/serialport": {
			"version": "11.0.1",
			"resolved": "https://registry.npmjs.org/serialport/-/serialport-11.0.1.tgz",
			"integrity": "sha512-j/ntDuewAkqL6g5wKjwV2RTyLBL9cpob8aRd3yLAViYApTsJoYqRleyuzst0OboNTBjBsoxQ4YKYhuYHi1XViQ==",
			"dependencies": {
				"@serialport/binding-mock": "10.2.2",
				"@serialport/bindings-cpp": "11.0.3",
				"@serialport/parser-byte-length": "11.0.1",
				"@serialport/parser-cctalk": "11.0.1",
				"@serialport/parser-delimiter": "11.0.1",
				"@serialport/parser-inter-byte-timeout": "11.0.1",
				"@serialport/parser-packet-length": "11.0.1",
				"@serialport/parser-readline": "11.0.1",
				"@serialport/parser-ready": "11.0.1",
				"@serialport/parser-regex": "11.0.1",
				"@serialport/parser-slip-encoder": "11.0.1",
				"@serialport/parser-spacepacket": "11.0.1",
				"@serialport/stream": "11.0.1",
				"debug": "4.3.4"
			},
			"engines": {
				"node": ">=12.0.0"
			},
			"funding": {
				"url": "https://opencollective.com/serialport/donate"
			}
		},
		"node_modules/slide": {
			"version": "1.1.6",
			"resolved": "https://registry.npmjs.org/slide/-/slide-1.1.6.tgz",
			"integrity": "sha512-NwrtjCg+lZoqhFU8fOwl4ay2ei8PaqCBOUV3/ektPY9trO1yQ1oXEfmHAhKArUVUr/hOHvy5f6AdP17dCM0zMw==",
			"engines": {
				"node": "*"
			}
		},
		"node_modules/socket.io-client": {
			"version": "4.8.3",
			"resolved": "https://registry.npmjs.org/socket.io-client/-/socket.io-client-4.8.3.tgz",
			"integrity": "sha512-uP0bpjWrjQmUt5DTHq9RuoCBdFJF10cdX9X+a368j/Ft0wmaVgxlrjvK3kjvgCODOMMOz9lcaRzxmso0bTWZ/g==",
			"dependencies": {
				"@socket.io/component-emitter": "~3.1.0",
				"debug": "~4.4.1",
				"engine.io-client": "~6.6.1",
				"socket.io-parser": "~4.2.4"
			},
			"engines": {
				"node": ">=10.0.0"
			}
		},
		"node_modules/socket.io-client/node_modules/debug": {
			"version": "4.4.3",
			"resolved": "https://registry.npmjs.org/debug/-/debug-4.4.3.tgz",
			"integrity": "sha512-RGwwWnwQvkVfavKVt22FGLw+xYSdzARwm0ru6DhTVA3umU5hZc28V3kO4stgYryrTlLpuvgI9GiijltAjNbcqA==",
			"dependencies": {
				"ms": "^2.1.3"
			},
			"engines": {
				"node": ">=6.0"
			},
			"peerDependenciesMeta": {
				"supports-color": {
					"optional": true
				}
			}
		},
		"node_modules/socket.io-client/node_modules/ms": {
			"version": "2.1.3",
			"resolved": "https://registry.npmjs.org/ms/-/ms-2.1.3.tgz",
			"integrity": "sha512-6FlzubTLZG3J2a/NVCAleEhjzq5oxgHyaCU9yYXvcLsvoVaHJq/s5xXI6/XXP6tz7R9xAOtHnSO/tXtF3WRTlA=="
		},
		"node_modules/socket.io-parser": {
			"version": "4.2.5",
			"resolved": "https://registry.npmjs.org/socket.io-parser/-/socket.io-parser-4.2.5.tgz",
			"integrity": "sha512-bPMmpy/5WWKHea5Y/jYAP6k74A+hvmRCQaJuJB6I/ML5JZq/KfNieUVo/3Mh7SAqn7TyFdIo6wqYHInG1MU1bQ==",
			"dependencies": {
				"@socket.io/component-emitter": "~3.1.0",
				"debug": "~4.4.1"
			},
			"engines": {
				"node": ">=10.0.0"
			}
		},
		"node_modules/socket.io-parser/node_modules/debug": {
			"version": "4.4.3",
			"resolved": "https://registry.npmjs.org/debug/-/debug-4.4.3.tgz",
			"integrity": "sha512-RGwwWnwQvkVfavKVt22FGLw+xYSdzARwm0ru6DhTVA3umU5hZc28V3kO4stgYryrTlLpuvgI9GiijltAjNbcqA==",
			"dependencies": {
				"ms": "^2.1.3"
			},
			"engines": {
				"node": ">=6.0"
			},
			"peerDependenciesMeta": {
				"supports-color": {
					"optional": true
				}
			}
		},
		"node_modules/socket.io-parser/node_modules/ms": {
			"version": "2.1.3",
			"resolved": "https://registry.npmjs.org/ms/-/ms-2.1.3.tgz",
			"integrity": "sha512-6FlzubTLZG3J2a/NVCAleEhjzq5oxgHyaCU9yYXvcLsvoVaHJq/s5xXI6/XXP6tz7R9xAOtHnSO/tXtF3WRTlA=="
		},
		"node_modules/stack-trace": {
			"version": "0.0.10",
			"resolved": "https://registry.npmjs.org/stack-trace/-/stack-trace-0.0.10.tgz",
			"integrity": "sha512-KGzahc7puUKkzyMt+IqAep+TVNbKP+k2Lmwhub39m1AsTSkaDutx56aDCo+HLDzf/D26BIHTJWNiTG1KAJiQCg==",
			"dev": true,
			"engines": {
				"node": "*"
			}
		},
		"node_modules/string_decoder": {
			"version": "1.3.0",
			"resolved": "https://registry.npmjs.org/string_decoder/-/string_decoder-1.3.0.tgz",
			"integrity": "sha512-hkRX8U1WjJFd8LsDJ2yQ/wWWxaopEsABU1XfkM8A+j0+85JAGppt16cr1Whg6KIbb4okU6Mql6BOj+uup/wKeA==",
			"dev": true,
			"dependencies": {
				"safe-buffer": "~5.2.0"
			}
		},
		"node_modules/text-hex": {
			"version": "1.0.0",
			"resolved": "https://registry.npmjs.org/text-hex/-/text-hex-1.0.0.tgz",
			"integrity": "sha512-uuVGNWzgJ4yhRaNSiubPY7OjISw4sw4E5Uv0wbjp+OzcbmVU/rsT8ujgcXJhn9ypzsgr5vlzpPqP+MBBKcGvbg==",
			"dev": true
		},
		"node_modules/triple-beam": {
			"version": "1.4.1",
			"resolved": "https://registry.npmjs.org/triple-beam/-/triple-beam-1.4.1.tgz",
			"integrity": "sha512-aZbgViZrg1QNcG+LULa7nhZpJTZSLm/mXnHXnbAbjmN5aSa0y7V+wvv6+4WaBtpISJzThKy+PIPxc1Nq1EJ9mg==",
			"dev": true,
			"engines": {
				"node": ">= 14.0.0"
			}
		},
		"node_modules/tslib": {
			"version": "2.8.1",
			"resolved": "https://registry.npmjs.org/tslib/-/tslib-2.8.1.tgz",
			"integrity": "sha512-oJFu94HQb+KVduSUQL7wnpmqnfmLsOA/nAh6b6EH0wCEoK0/mPeXU6c3wKDV83MkOuHPRHtSXKKU99IBazS/2w=="
		},
		"node_modules/universalify": {
			"version": "0.1.2",
			"resolved": "https://registry.npmjs.org/universalify/-/universalify-0.1.2.tgz",
			"integrity": "sha512-rBJeI5CXAlmy1pV+617WB9J63U6XcazHHF2f2dbJix4XzpUF0RS3Zbj0FGIOCAva5P/d/GBOYaACQ1w+0azUkg==",
			"engines": {
				"node": ">= 4.0.0"
			}
		},
		"node_modules/util-deprecate": {
			"version": "1.0.2",
			"resolved": "https://registry.npmjs.org/util-deprecate/-/util-deprecate-1.0.2.tgz",
			"integrity": "sha512-EPD5q1uXyFxJpCrLnCc1nHnq3gOa6DZBocAIiI2TaSCA7VCJ1UJDMagCzIkXNsUYfD1daK//LTEQ8xiIbrHtcw==",
			"dev": true
		},
		"node_modules/v-conf": {
			"version": "1.4.3",
			"resolved": "https://registry.npmjs.org/v-conf/-/v-conf-1.4.3.tgz",
			"integrity": "sha512-jhnAhXDbzorq3pkoqrOzbiLP0yO4rxlfmWUvUuffDM6Dz6YZRN/LfzS1WmvJOFeq8CWapLRyO2std/U2VsOpBg==",
			"dependencies": {
				"fs-extra": "^3.0.1",
				"multimap": "1.0.1",
				"write-file-atomic": "1.3.1"
			}
		},
		"node_modules/v-conf/node_modules/fs-extra": {
			"version": "3.0.1",
			"resolved": "https://registry.npmjs.org/fs-extra/-/fs-extra-3.0.1.tgz",
			"integrity": "sha512-V3Z3WZWVUYd8hoCL5xfXJCaHWYzmtwW5XWYSlLgERi8PWd8bx1kUHUk8L1BT57e49oKnDDD180mjfrHc1yA9rg==",
			"dependencies": {
				"graceful-fs": "^4.1.2",
				"jsonfile": "^3.0.0",
				"universalify": "^0.1.0"
			}
		},
		"node_modules/v-conf/node_modules/jsonfile": {
			"version": "3.0.1",
			"resolved": "https://registry.npmjs.org/jsonfile/-/jsonfile-3.0.1.tgz",
			"integrity": "sha512-oBko6ZHlubVB5mRFkur5vgYR1UyqX+S6Y/oCfLhqNdcc2fYFlDpIoNc7AfKS1KOGcnNAkvsr0grLck9ANM815w==",
			"optionalDependencies": {
				"graceful-fs": "^4.1.6"
			}
		},
		"node_modules/winston": {
			"version": "3.19.0",
			"resolved": "https://registry.npmjs.org/winston/-/winston-3.19.0.tgz",
			"integrity": "sha512-LZNJgPzfKR+/J3cHkxcpHKpKKvGfDZVPS4hfJCc4cCG0CgYzvlD6yE/S3CIL/Yt91ak327YCpiF/0MyeZHEHKA==",
			"dev": true,
			"dependencies": {
				"@colors/colors": "^1.6.0",
				"@dabh/diagnostics": "^2.0.8",
				"async": "^3.2.3",
				"is-stream": "^2.0.0",
				"logform": "^2.7.0",
				"one-time": "^1.0.0",
				"readable-stream": "^3.4.0",
				"safe-stable-stringify": "^2.3.1",
				"stack-trace": "0.0.x",
				"triple-beam": "^1.3.0",
				"winston-transport": "^4.9.0"
			},
			"engines": {
				"node": ">= 12.0.0"
			}
		},
		"node_modules/winston-transport": {
			"version": "4.9.0",
			"resolved": "https://registry.npmjs.org/winston-transport/-/winston-transport-4.9.0.tgz",
			"integrity": "sha512-8drMJ4rkgaPo1Me4zD/3WLfI/zPdA9o2IipKODunnGDcuqbHwjsbB79ylv04LCGGzU0xQ6vTznOMpQGaLhhm6A==",
			"dev": true,
			"dependencies": {
				"logform": "^2.7.0",
				"readable-stream": "^3.6.2",
				"triple-beam": "^1.3.0"
			},
			"engines": {
				"node": ">= 12.0.0"
			}
		},
		"node_modules/wrappy": {
			"version": "1.0.2",
			"resolved": "https://registry.npmjs.org/wrappy/-/wrappy-1.0.2.tgz",
			"integrity": "sha512-l4Sp/DRseor9wL6EvV2+TuQn63dMkPjZ/sp9XkghTEbV9KlPS1xUsZ3u7/IQO4wxtcFB4bgpQPRcR3QCvezPcQ=="
		},
		"node_modules/write-file-atomic": {
			"version": "1.3.1",
			"resolved": "https://registry.npmjs.org/write-file-atomic/-/write-file-atomic-1.3.1.tgz",
			"integrity": "sha512-RCTmbZJFENrUmJVmdaf3SiIDlP1YQGFub6P/WbrTxKHKLWmhnSgaM/cYsjxDwnzD0gVE2tlTUpX6Zr/9V4+DQg==",
			"dependencies": {
				"graceful-fs": "^4.1.11",
				"imurmurhash": "^0.1.4",
				"slide": "^1.1.5"
			}
		},
		"node_modules/ws": {
			"version": "8.18.3",
			"resolved": "https://registry.npmjs.org/ws/-/ws-8.18.3.tgz",
			"integrity": "sha512-PEIGCY5tSlUt50cqyMXfCzX+oOPqN0vuGqWzbcJ2xvnkzkq46oOpz7dQaTDBdfICb4N14+GARUDw2XV2N4tvzg==",
			"engines": {
				"node": ">=10.0.0"
			},
			"peerDependencies": {
				"bufferutil": "^4.0.1",
				"utf-8-validate": ">=5.0.2"
			},
			"peerDependenciesMeta": {
				"bufferutil": {
					"optional": true
				},
				"utf-8-validate": {
					"optional": true
				}
			}
		},
		"node_modules/xmlhttprequest-ssl": {
			"version": "2.1.2",
			"resolved": "https://registry.npmjs.org/xmlhttprequest-ssl/-/xmlhttprequest-ssl-2.1.2.tgz",
			"integrity": "sha512-TEU+nJVUUnA4CYJFLvK5X9AOeH4KvDvhIfm0vV1GaQRtchnG0hgK5p8hw/xjv8cunWYCsiPCSDzObPyhEwq3KQ==",
			"engines": {
				"node": ">=0.4.0"
			}
		}
	}
}
